// !$*UTF8*$!
{
	archiveVersion = 1;
	classes = {
	};
	objectVersion = 56;
	objects = {

/* Begin PBXBuildFile section */
		EA1A64E62A21969300D8A42E /* IconicInfernoApp.swift in Sources */ = {isa = PBXBuildFile; fileRef = EA1A64E52A21969300D8A42E /* IconicInfernoApp.swift */; };
		EA1A64EA2A21969A00D8A42E /* Assets.xcassets in Resources */ = {isa = PBXBuildFile; fileRef = EA1A64E92A21969A00D8A42E /* Assets.xcassets */; };
		EA1A64ED2A21969A00D8A42E /* Preview Assets.xcassets in Resources */ = {isa = PBXBuildFile; fileRef = EA1A64EC2A21969A00D8A42E /* Preview Assets.xcassets */; };
		EA1A64F42A219CB200D8A42E /* CharacterStructs.swift in Sources */ = {isa = PBXBuildFile; fileRef = EA1A64F32A219CB200D8A42E /* CharacterStructs.swift */; };
		EA1A64F62A219CC300D8A42E /* RealLifeCharacters.swift in Sources */ = {isa = PBXBuildFile; fileRef = EA1A64F52A219CC300D8A42E /* RealLifeCharacters.swift */; };
		EA1A64F82A219CCF00D8A42E /* DetermineWinner.swift in Sources */ = {isa = PBXBuildFile; fileRef = EA1A64F72A219CCF00D8A42E /* DetermineWinner.swift */; };
		EA1A64FA2A219CDA00D8A42E /* StatusEffectStructs.swift in Sources */ = {isa = PBXBuildFile; fileRef = EA1A64F92A219CDA00D8A42E /* StatusEffectStructs.swift */; };
		EA1A64FC2A219CE400D8A42E /* Randomizers.swift in Sources */ = {isa = PBXBuildFile; fileRef = EA1A64FB2A219CE400D8A42E /* Randomizers.swift */; };
		EA1A64FE2A219CEF00D8A42E /* DetermineEnvironment.swift in Sources */ = {isa = PBXBuildFile; fileRef = EA1A64FD2A219CEF00D8A42E /* DetermineEnvironment.swift */; };
		EA1A65002A219CF700D8A42E /* WinDescription.swift in Sources */ = {isa = PBXBuildFile; fileRef = EA1A64FF2A219CF600D8A42E /* WinDescription.swift */; };
		EA1A65022A219D0B00D8A42E /* GameManager.swift in Sources */ = {isa = PBXBuildFile; fileRef = EA1A65012A219D0A00D8A42E /* GameManager.swift */; };
		EA1A65072A219E4800D8A42E /* LandingView.swift in Sources */ = {isa = PBXBuildFile; fileRef = EA1A65062A219E4800D8A42E /* LandingView.swift */; };
		EA1A65092A219E5C00D8A42E /* BattleEnvironmentSelectionView.swift in Sources */ = {isa = PBXBuildFile; fileRef = EA1A65082A219E5C00D8A42E /* BattleEnvironmentSelectionView.swift */; };
		EA1A650B2A219E7C00D8A42E /* PlayerOneCharacterSelectionView.swift in Sources */ = {isa = PBXBuildFile; fileRef = EA1A650A2A219E7C00D8A42E /* PlayerOneCharacterSelectionView.swift */; };
		EA1A650D2A219E9200D8A42E /* PlayerTwoCharacterSelectionView.swift in Sources */ = {isa = PBXBuildFile; fileRef = EA1A650C2A219E9200D8A42E /* PlayerTwoCharacterSelectionView.swift */; };
		EA1A650F2A219EA400D8A42E /* WinnerIsView.swift in Sources */ = {isa = PBXBuildFile; fileRef = EA1A650E2A219EA400D8A42E /* WinnerIsView.swift */; };
		EA1A65112A219EC000D8A42E /* OptionsView.swift in Sources */ = {isa = PBXBuildFile; fileRef = EA1A65102A219EC000D8A42E /* OptionsView.swift */; };
		EA1A65132A219ECD00D8A42E /* InstructionsView.swift in Sources */ = {isa = PBXBuildFile; fileRef = EA1A65122A219ECD00D8A42E /* InstructionsView.swift */; };
		EA1A65162A21A06900D8A42E /* Background.swift in Sources */ = {isa = PBXBuildFile; fileRef = EA1A65152A21A06900D8A42E /* Background.swift */; };
		EA1A65182A2220C600D8A42E /* Halo3.ttf in Resources */ = {isa = PBXBuildFile; fileRef = EA1A65172A2220A900D8A42E /* Halo3.ttf */; };
		EA1A651D2A22233A00D8A42E /* OrangeTitleText.swift in Sources */ = {isa = PBXBuildFile; fileRef = EA1A651C2A22233A00D8A42E /* OrangeTitleText.swift */; };
		EA1A651F2A22507D00D8A42E /* EnvironmentStructs.swift in Sources */ = {isa = PBXBuildFile; fileRef = EA1A651E2A22507C00D8A42E /* EnvironmentStructs.swift */; };
		EA1A65212A22541F00D8A42E /* GreyButton.swift in Sources */ = {isa = PBXBuildFile; fileRef = EA1A65202A22541F00D8A42E /* GreyButton.swift */; };
		EA1A65232A22592700D8A42E /* YellowSubtitleText.swift in Sources */ = {isa = PBXBuildFile; fileRef = EA1A65222A22592700D8A42E /* YellowSubtitleText.swift */; };
/* End PBXBuildFile section */

/* Begin PBXFileReference section */
		EA1A64E22A21969200D8A42E /* IconicInferno.app */ = {isa = PBXFileReference; explicitFileType = wrapper.application; includeInIndex = 0; path = IconicInferno.app; sourceTree = BUILT_PRODUCTS_DIR; };
		EA1A64E52A21969300D8A42E /* IconicInfernoApp.swift */ = {isa = PBXFileReference; lastKnownFileType = sourcecode.swift; path = IconicInfernoApp.swift; sourceTree = "<group>"; };
		EA1A64E92A21969A00D8A42E /* Assets.xcassets */ = {isa = PBXFileReference; lastKnownFileType = folder.assetcatalog; path = Assets.xcassets; sourceTree = "<group>"; };
		EA1A64EC2A21969A00D8A42E /* Preview Assets.xcassets */ = {isa = PBXFileReference; lastKnownFileType = folder.assetcatalog; path = "Preview Assets.xcassets"; sourceTree = "<group>"; };
		EA1A64F32A219CB200D8A42E /* CharacterStructs.swift */ = {isa = PBXFileReference; fileEncoding = 4; lastKnownFileType = sourcecode.swift; path = CharacterStructs.swift; sourceTree = "<group>"; };
		EA1A64F52A219CC300D8A42E /* RealLifeCharacters.swift */ = {isa = PBXFileReference; fileEncoding = 4; lastKnownFileType = sourcecode.swift; path = RealLifeCharacters.swift; sourceTree = "<group>"; };
		EA1A64F72A219CCF00D8A42E /* DetermineWinner.swift */ = {isa = PBXFileReference; fileEncoding = 4; lastKnownFileType = sourcecode.swift; path = DetermineWinner.swift; sourceTree = "<group>"; };
		EA1A64F92A219CDA00D8A42E /* StatusEffectStructs.swift */ = {isa = PBXFileReference; fileEncoding = 4; lastKnownFileType = sourcecode.swift; path = StatusEffectStructs.swift; sourceTree = "<group>"; };
		EA1A64FB2A219CE400D8A42E /* Randomizers.swift */ = {isa = PBXFileReference; fileEncoding = 4; lastKnownFileType = sourcecode.swift; path = Randomizers.swift; sourceTree = "<group>"; };
		EA1A64FD2A219CEF00D8A42E /* DetermineEnvironment.swift */ = {isa = PBXFileReference; fileEncoding = 4; lastKnownFileType = sourcecode.swift; path = DetermineEnvironment.swift; sourceTree = "<group>"; };
		EA1A64FF2A219CF600D8A42E /* WinDescription.swift */ = {isa = PBXFileReference; fileEncoding = 4; lastKnownFileType = sourcecode.swift; path = WinDescription.swift; sourceTree = "<group>"; };
		EA1A65012A219D0A00D8A42E /* GameManager.swift */ = {isa = PBXFileReference; fileEncoding = 4; lastKnownFileType = sourcecode.swift; path = GameManager.swift; sourceTree = "<group>"; };
		EA1A65062A219E4800D8A42E /* LandingView.swift */ = {isa = PBXFileReference; lastKnownFileType = sourcecode.swift; path = LandingView.swift; sourceTree = "<group>"; };
		EA1A65082A219E5C00D8A42E /* BattleEnvironmentSelectionView.swift */ = {isa = PBXFileReference; lastKnownFileType = sourcecode.swift; path = BattleEnvironmentSelectionView.swift; sourceTree = "<group>"; };
		EA1A650A2A219E7C00D8A42E /* PlayerOneCharacterSelectionView.swift */ = {isa = PBXFileReference; lastKnownFileType = sourcecode.swift; path = PlayerOneCharacterSelectionView.swift; sourceTree = "<group>"; };
		EA1A650C2A219E9200D8A42E /* PlayerTwoCharacterSelectionView.swift */ = {isa = PBXFileReference; lastKnownFileType = sourcecode.swift; path = PlayerTwoCharacterSelectionView.swift; sourceTree = "<group>"; };
		EA1A650E2A219EA400D8A42E /* WinnerIsView.swift */ = {isa = PBXFileReference; lastKnownFileType = sourcecode.swift; path = WinnerIsView.swift; sourceTree = "<group>"; };
		EA1A65102A219EC000D8A42E /* OptionsView.swift */ = {isa = PBXFileReference; lastKnownFileType = sourcecode.swift; path = OptionsView.swift; sourceTree = "<group>"; };
		EA1A65122A219ECD00D8A42E /* InstructionsView.swift */ = {isa = PBXFileReference; lastKnownFileType = sourcecode.swift; path = InstructionsView.swift; sourceTree = "<group>"; };
		EA1A65152A21A06900D8A42E /* Background.swift */ = {isa = PBXFileReference; lastKnownFileType = sourcecode.swift; path = Background.swift; sourceTree = "<group>"; };
		EA1A65172A2220A900D8A42E /* Halo3.ttf */ = {isa = PBXFileReference; lastKnownFileType = file; path = Halo3.ttf; sourceTree = "<group>"; };
		EA1A65192A22220F00D8A42E /* Info.plist */ = {isa = PBXFileReference; lastKnownFileType = text.plist; path = Info.plist; sourceTree = "<group>"; };
		EA1A651C2A22233A00D8A42E /* OrangeTitleText.swift */ = {isa = PBXFileReference; lastKnownFileType = sourcecode.swift; path = OrangeTitleText.swift; sourceTree = "<group>"; };
		EA1A651E2A22507C00D8A42E /* EnvironmentStructs.swift */ = {isa = PBXFileReference; lastKnownFileType = sourcecode.swift; path = EnvironmentStructs.swift; sourceTree = "<group>"; };
		EA1A65202A22541F00D8A42E /* GreyButton.swift */ = {isa = PBXFileReference; lastKnownFileType = sourcecode.swift; path = GreyButton.swift; sourceTree = "<group>"; };
		EA1A65222A22592700D8A42E /* YellowSubtitleText.swift */ = {isa = PBXFileReference; lastKnownFileType = sourcecode.swift; path = YellowSubtitleText.swift; sourceTree = "<group>"; };
/* End PBXFileReference section */

/* Begin PBXFrameworksBuildPhase section */
		EA1A64DF2A21969200D8A42E /* Frameworks */ = {
			isa = PBXFrameworksBuildPhase;
			buildActionMask = 2147483647;
			files = (
			);
			runOnlyForDeploymentPostprocessing = 0;
		};
/* End PBXFrameworksBuildPhase section */

/* Begin PBXGroup section */
		EA1A64D92A21969200D8A42E = {
			isa = PBXGroup;
			children = (
				EA1A64E42A21969200D8A42E /* IconicInferno */,
				EA1A64E32A21969200D8A42E /* Products */,
			);
			sourceTree = "<group>";
		};
		EA1A64E32A21969200D8A42E /* Products */ = {
			isa = PBXGroup;
			children = (
				EA1A64E22A21969200D8A42E /* IconicInferno.app */,
			);
			name = Products;
			sourceTree = "<group>";
		};
		EA1A64E42A21969200D8A42E /* IconicInferno */ = {
			isa = PBXGroup;
			children = (
				EA1A65192A22220F00D8A42E /* Info.plist */,
				EA1A64E52A21969300D8A42E /* IconicInfernoApp.swift */,
				EA1A65032A219DAB00D8A42E /* GameCode */,
				EA1A65052A219DE900D8A42E /* Views */,
				EA1A65142A219FBC00D8A42E /* CustomModifiers */,
				EA1A64EB2A21969A00D8A42E /* Preview Content */,
				EA1A64E92A21969A00D8A42E /* Assets.xcassets */,
				EA1A65172A2220A900D8A42E /* Halo3.ttf */,
			);
			path = IconicInferno;
			sourceTree = "<group>";
		};
		EA1A64EB2A21969A00D8A42E /* Preview Content */ = {
			isa = PBXGroup;
			children = (
				EA1A64EC2A21969A00D8A42E /* Preview Assets.xcassets */,
			);
			path = "Preview Content";
			sourceTree = "<group>";
		};
		EA1A65032A219DAB00D8A42E /* GameCode */ = {
			isa = PBXGroup;
			children = (
				EA1A64F32A219CB200D8A42E /* CharacterStructs.swift */,
				EA1A64F52A219CC300D8A42E /* RealLifeCharacters.swift */,
				EA1A64F92A219CDA00D8A42E /* StatusEffectStructs.swift */,
				EA1A64F72A219CCF00D8A42E /* DetermineWinner.swift */,
				EA1A64FB2A219CE400D8A42E /* Randomizers.swift */,
				EA1A64FD2A219CEF00D8A42E /* DetermineEnvironment.swift */,
				EA1A651E2A22507C00D8A42E /* EnvironmentStructs.swift */,
				EA1A64FF2A219CF600D8A42E /* WinDescription.swift */,
				EA1A65012A219D0A00D8A42E /* GameManager.swift */,
			);
			path = GameCode;
			sourceTree = "<group>";
		};
		EA1A65052A219DE900D8A42E /* Views */ = {
			isa = PBXGroup;
			children = (
				EA1A65062A219E4800D8A42E /* LandingView.swift */,
				EA1A65082A219E5C00D8A42E /* BattleEnvironmentSelectionView.swift */,
				EA1A650A2A219E7C00D8A42E /* PlayerOneCharacterSelectionView.swift */,
				EA1A650C2A219E9200D8A42E /* PlayerTwoCharacterSelectionView.swift */,
				EA1A650E2A219EA400D8A42E /* WinnerIsView.swift */,
				EA1A65102A219EC000D8A42E /* OptionsView.swift */,
				EA1A65122A219ECD00D8A42E /* InstructionsView.swift */,
			);
			path = Views;
			sourceTree = "<group>";
		};
		EA1A65142A219FBC00D8A42E /* CustomModifiers */ = {
			isa = PBXGroup;
			children = (
				EA1A65152A21A06900D8A42E /* Background.swift */,
				EA1A651C2A22233A00D8A42E /* OrangeTitleText.swift */,
				EA1A65202A22541F00D8A42E /* GreyButton.swift */,
				EA1A65222A22592700D8A42E /* YellowSubtitleText.swift */,
			);
			path = CustomModifiers;
			sourceTree = "<group>";
		};
/* End PBXGroup section */

/* Begin PBXNativeTarget section */
		EA1A64E12A21969200D8A42E /* IconicInferno */ = {
			isa = PBXNativeTarget;
			buildConfigurationList = EA1A64F02A21969A00D8A42E /* Build configuration list for PBXNativeTarget "IconicInferno" */;
			buildPhases = (
				EA1A64DE2A21969200D8A42E /* Sources */,
				EA1A64DF2A21969200D8A42E /* Frameworks */,
				EA1A64E02A21969200D8A42E /* Resources */,
			);
			buildRules = (
			);
			dependencies = (
			);
			name = IconicInferno;
			productName = IconicInferno;
			productReference = EA1A64E22A21969200D8A42E /* IconicInferno.app */;
			productType = "com.apple.product-type.application";
		};
/* End PBXNativeTarget section */

/* Begin PBXProject section */
		EA1A64DA2A21969200D8A42E /* Project object */ = {
			isa = PBXProject;
			attributes = {
				BuildIndependentTargetsInParallel = 1;
				LastSwiftUpdateCheck = 1410;
				LastUpgradeCheck = 1410;
				TargetAttributes = {
					EA1A64E12A21969200D8A42E = {
						CreatedOnToolsVersion = 14.1;
					};
				};
			};
			buildConfigurationList = EA1A64DD2A21969200D8A42E /* Build configuration list for PBXProject "IconicInferno" */;
			compatibilityVersion = "Xcode 14.0";
			developmentRegion = en;
			hasScannedForEncodings = 0;
			knownRegions = (
				en,
				Base,
			);
			mainGroup = EA1A64D92A21969200D8A42E;
			productRefGroup = EA1A64E32A21969200D8A42E /* Products */;
			projectDirPath = "";
			projectRoot = "";
			targets = (
				EA1A64E12A21969200D8A42E /* IconicInferno */,
			);
		};
/* End PBXProject section */

/* Begin PBXResourcesBuildPhase section */
		EA1A64E02A21969200D8A42E /* Resources */ = {
			isa = PBXResourcesBuildPhase;
			buildActionMask = 2147483647;
			files = (
				EA1A65182A2220C600D8A42E /* Halo3.ttf in Resources */,
				EA1A64ED2A21969A00D8A42E /* Preview Assets.xcassets in Resources */,
				EA1A64EA2A21969A00D8A42E /* Assets.xcassets in Resources */,
			);
			runOnlyForDeploymentPostprocessing = 0;
		};
/* End PBXResourcesBuildPhase section */

/* Begin PBXSourcesBuildPhase section */
		EA1A64DE2A21969200D8A42E /* Sources */ = {
			isa = PBXSourcesBuildPhase;
			buildActionMask = 2147483647;
			files = (
				EA1A65002A219CF700D8A42E /* WinDescription.swift in Sources */,
				EA1A65132A219ECD00D8A42E /* InstructionsView.swift in Sources */,
				EA1A64FA2A219CDA00D8A42E /* StatusEffectStructs.swift in Sources */,
				EA1A65092A219E5C00D8A42E /* BattleEnvironmentSelectionView.swift in Sources */,
				EA1A65232A22592700D8A42E /* YellowSubtitleText.swift in Sources */,
				EA1A65162A21A06900D8A42E /* Background.swift in Sources */,
				EA1A651D2A22233A00D8A42E /* OrangeTitleText.swift in Sources */,
				EA1A65112A219EC000D8A42E /* OptionsView.swift in Sources */,
				EA1A64E62A21969300D8A42E /* IconicInfernoApp.swift in Sources */,
				EA1A64F42A219CB200D8A42E /* CharacterStructs.swift in Sources */,
				EA1A650F2A219EA400D8A42E /* WinnerIsView.swift in Sources */,
				EA1A64F62A219CC300D8A42E /* RealLifeCharacters.swift in Sources */,
				EA1A64FC2A219CE400D8A42E /* Randomizers.swift in Sources */,
				EA1A65072A219E4800D8A42E /* LandingView.swift in Sources */,
				EA1A64F82A219CCF00D8A42E /* DetermineWinner.swift in Sources */,
				EA1A650B2A219E7C00D8A42E /* PlayerOneCharacterSelectionView.swift in Sources */,
				EA1A650D2A219E9200D8A42E /* PlayerTwoCharacterSelectionView.swift in Sources */,
				EA1A64FE2A219CEF00D8A42E /* DetermineEnvironment.swift in Sources */,
				EA1A651F2A22507D00D8A42E /* EnvironmentStructs.swift in Sources */,
				EA1A65212A22541F00D8A42E /* GreyButton.swift in Sources */,
				EA1A65022A219D0B00D8A42E /* GameManager.swift in Sources */,
			);
			runOnlyForDeploymentPostprocessing = 0;
		};
/* End PBXSourcesBuildPhase section */

/* Begin XCBuildConfiguration section */
		EA1A64EE2A21969A00D8A42E /* Debug */ = {
			isa = XCBuildConfiguration;
			buildSettings = {
				ALWAYS_SEARCH_USER_PATHS = NO;
				CLANG_ANALYZER_NONNULL = YES;
				CLANG_ANALYZER_NUMBER_OBJECT_CONVERSION = YES_AGGRESSIVE;
				CLANG_CXX_LANGUAGE_STANDARD = "gnu++20";
				CLANG_ENABLE_MODULES = YES;
				CLANG_ENABLE_OBJC_ARC = YES;
				CLANG_ENABLE_OBJC_WEAK = YES;
				CLANG_WARN_BLOCK_CAPTURE_AUTORELEASING = YES;
				CLANG_WARN_BOOL_CONVERSION = YES;
				CLANG_WARN_COMMA = YES;
				CLANG_WARN_CONSTANT_CONVERSION = YES;
				CLANG_WARN_DEPRECATED_OBJC_IMPLEMENTATIONS = YES;
				CLANG_WARN_DIRECT_OBJC_ISA_USAGE = YES_ERROR;
				CLANG_WARN_DOCUMENTATION_COMMENTS = YES;
				CLANG_WARN_EMPTY_BODY = YES;
				CLANG_WARN_ENUM_CONVERSION = YES;
				CLANG_WARN_INFINITE_RECURSION = YES;
				CLANG_WARN_INT_CONVERSION = YES;
				CLANG_WARN_NON_LITERAL_NULL_CONVERSION = YES;
				CLANG_WARN_OBJC_IMPLICIT_RETAIN_SELF = YES;
				CLANG_WARN_OBJC_LITERAL_CONVERSION = YES;
				CLANG_WARN_OBJC_ROOT_CLASS = YES_ERROR;
				CLANG_WARN_QUOTED_INCLUDE_IN_FRAMEWORK_HEADER = YES;
				CLANG_WARN_RANGE_LOOP_ANALYSIS = YES;
				CLANG_WARN_STRICT_PROTOTYPES = YES;
				CLANG_WARN_SUSPICIOUS_MOVE = YES;
				CLANG_WARN_UNGUARDED_AVAILABILITY = YES_AGGRESSIVE;
				CLANG_WARN_UNREACHABLE_CODE = YES;
				CLANG_WARN__DUPLICATE_METHOD_MATCH = YES;
				COPY_PHASE_STRIP = NO;
				DEBUG_INFORMATION_FORMAT = dwarf;
				ENABLE_STRICT_OBJC_MSGSEND = YES;
				ENABLE_TESTABILITY = YES;
				GCC_C_LANGUAGE_STANDARD = gnu11;
				GCC_DYNAMIC_NO_PIC = NO;
				GCC_NO_COMMON_BLOCKS = YES;
				GCC_OPTIMIZATION_LEVEL = 0;
				GCC_PREPROCESSOR_DEFINITIONS = (
					"DEBUG=1",
					"$(inherited)",
				);
				GCC_WARN_64_TO_32_BIT_CONVERSION = YES;
				GCC_WARN_ABOUT_RETURN_TYPE = YES_ERROR;
				GCC_WARN_UNDECLARED_SELECTOR = YES;
				GCC_WARN_UNINITIALIZED_AUTOS = YES_AGGRESSIVE;
				GCC_WARN_UNUSED_FUNCTION = YES;
				GCC_WARN_UNUSED_VARIABLE = YES;
				IPHONEOS_DEPLOYMENT_TARGET = 16.1;
				MTL_ENABLE_DEBUG_INFO = INCLUDE_SOURCE;
				MTL_FAST_MATH = YES;
				ONLY_ACTIVE_ARCH = YES;
				SDKROOT = iphoneos;
				SWIFT_ACTIVE_COMPILATION_CONDITIONS = DEBUG;
				SWIFT_OPTIMIZATION_LEVEL = "-Onone";
			};
			name = Debug;
		};
		EA1A64EF2A21969A00D8A42E /* Release */ = {
			isa = XCBuildConfiguration;
			buildSettings = {
				ALWAYS_SEARCH_USER_PATHS = NO;
				CLANG_ANALYZER_NONNULL = YES;
				CLANG_ANALYZER_NUMBER_OBJECT_CONVERSION = YES_AGGRESSIVE;
				CLANG_CXX_LANGUAGE_STANDARD = "gnu++20";
				CLANG_ENABLE_MODULES = YES;
				CLANG_ENABLE_OBJC_ARC = YES;
				CLANG_ENABLE_OBJC_WEAK = YES;
				CLANG_WARN_BLOCK_CAPTURE_AUTORELEASING = YES;
				CLANG_WARN_BOOL_CONVERSION = YES;
				CLANG_WARN_COMMA = YES;
				CLANG_WARN_CONSTANT_CONVERSION = YES;
				CLANG_WARN_DEPRECATED_OBJC_IMPLEMENTATIONS = YES;
				CLANG_WARN_DIRECT_OBJC_ISA_USAGE = YES_ERROR;
				CLANG_WARN_DOCUMENTATION_COMMENTS = YES;
				CLANG_WARN_EMPTY_BODY = YES;
				CLANG_WARN_ENUM_CONVERSION = YES;
				CLANG_WARN_INFINITE_RECURSION = YES;
				CLANG_WARN_INT_CONVERSION = YES;
				CLANG_WARN_NON_LITERAL_NULL_CONVERSION = YES;
				CLANG_WARN_OBJC_IMPLICIT_RETAIN_SELF = YES;
				CLANG_WARN_OBJC_LITERAL_CONVERSION = YES;
				CLANG_WARN_OBJC_ROOT_CLASS = YES_ERROR;
				CLANG_WARN_QUOTED_INCLUDE_IN_FRAMEWORK_HEADER = YES;
				CLANG_WARN_RANGE_LOOP_ANALYSIS = YES;
				CLANG_WARN_STRICT_PROTOTYPES = YES;
				CLANG_WARN_SUSPICIOUS_MOVE = YES;
				CLANG_WARN_UNGUARDED_AVAILABILITY = YES_AGGRESSIVE;
				CLANG_WARN_UNREACHABLE_CODE = YES;
				CLANG_WARN__DUPLICATE_METHOD_MATCH = YES;
				COPY_PHASE_STRIP = NO;
				DEBUG_INFORMATION_FORMAT = "dwarf-with-dsym";
				ENABLE_NS_ASSERTIONS = NO;
				ENABLE_STRICT_OBJC_MSGSEND = YES;
				GCC_C_LANGUAGE_STANDARD = gnu11;
				GCC_NO_COMMON_BLOCKS = YES;
				GCC_WARN_64_TO_32_BIT_CONVERSION = YES;
				GCC_WARN_ABOUT_RETURN_TYPE = YES_ERROR;
				GCC_WARN_UNDECLARED_SELECTOR = YES;
				GCC_WARN_UNINITIALIZED_AUTOS = YES_AGGRESSIVE;
				GCC_WARN_UNUSED_FUNCTION = YES;
				GCC_WARN_UNUSED_VARIABLE = YES;
				IPHONEOS_DEPLOYMENT_TARGET = 16.1;
				MTL_ENABLE_DEBUG_INFO = NO;
				MTL_FAST_MATH = YES;
				SDKROOT = iphoneos;
				SWIFT_COMPILATION_MODE = wholemodule;
				SWIFT_OPTIMIZATION_LEVEL = "-O";
				VALIDATE_PRODUCT = YES;
			};
			name = Release;
		};
		EA1A64F12A21969A00D8A42E /* Debug */ = {
			isa = XCBuildConfiguration;
			buildSettings = {
				ASSETCATALOG_COMPILER_APPICON_NAME = AppIcon;
				ASSETCATALOG_COMPILER_GLOBAL_ACCENT_COLOR_NAME = AccentColor;
				CODE_SIGN_STYLE = Automatic;
				CURRENT_PROJECT_VERSION = 1;
				DEVELOPMENT_ASSET_PATHS = "\"IconicInferno/Preview Content\"";
				ENABLE_PREVIEWS = YES;
				GENERATE_INFOPLIST_FILE = YES;
				INFOPLIST_FILE = IconicInferno/Info.plist;
				INFOPLIST_KEY_UIApplicationSceneManifest_Generation = YES;
				INFOPLIST_KEY_UIApplicationSupportsIndirectInputEvents = YES;
				INFOPLIST_KEY_UILaunchScreen_Generation = YES;
				INFOPLIST_KEY_UISupportedInterfaceOrientations_iPad = "UIInterfaceOrientationPortrait UIInterfaceOrientationPortraitUpsideDown UIInterfaceOrientationLandscapeLeft UIInterfaceOrientationLandscapeRight";
				INFOPLIST_KEY_UISupportedInterfaceOrientations_iPhone = "UIInterfaceOrientationPortrait UIInterfaceOrientationLandscapeLeft UIInterfaceOrientationLandscapeRight";
				LD_RUNPATH_SEARCH_PATHS = (
					"$(inherited)",
					"@executable_path/Frameworks",
				);
				MARKETING_VERSION = 1.0;
				PRODUCT_BUNDLE_IDENTIFIER = Hope.IconicInferno;
				PRODUCT_NAME = "$(TARGET_NAME)";
				SWIFT_EMIT_LOC_STRINGS = YES;
				SWIFT_VERSION = 5.0;
				TARGETED_DEVICE_FAMILY = "1,2";
			};
			name = Debug;
		};
		EA1A64F22A21969A00D8A42E /* Release */ = {
			isa = XCBuildConfiguration;
			buildSettings = {
				ASSETCATALOG_COMPILER_APPICON_NAME = AppIcon;
				ASSETCATALOG_COMPILER_GLOBAL_ACCENT_COLOR_NAME = AccentColor;
				CODE_SIGN_STYLE = Automatic;
				CURRENT_PROJECT_VERSION = 1;
				DEVELOPMENT_ASSET_PATHS = "\"IconicInferno/Preview Content\"";
				ENABLE_PREVIEWS = YES;
				GENERATE_INFOPLIST_FILE = YES;
				INFOPLIST_FILE = IconicInferno/Info.plist;
				INFOPLIST_KEY_UIApplicationSceneManifest_Generation = YES;
				INFOPLIST_KEY_UIApplicationSupportsIndirectInputEvents = YES;
				INFOPLIST_KEY_UILaunchScreen_Generation = YES;
				INFOPLIST_KEY_UISupportedInterfaceOrientations_iPad = "UIInterfaceOrientationPortrait UIInterfaceOrientationPortraitUpsideDown UIInterfaceOrientationLandscapeLeft UIInterfaceOrientationLandscapeRight";
				INFOPLIST_KEY_UISupportedInterfaceOrientations_iPhone = "UIInterfaceOrientationPortrait UIInterfaceOrientationLandscapeLeft UIInterfaceOrientationLandscapeRight";
				LD_RUNPATH_SEARCH_PATHS = (
					"$(inherited)",
					"@executable_path/Frameworks",
				);
				MARKETING_VERSION = 1.0;
				PRODUCT_BUNDLE_IDENTIFIER = Hope.IconicInferno;
				PRODUCT_NAME = "$(TARGET_NAME)";
				SWIFT_EMIT_LOC_STRINGS = YES;
				SWIFT_VERSION = 5.0;
				TARGETED_DEVICE_FAMILY = "1,2";
			};
			name = Release;
		};
/* End XCBuildConfiguration section */

/* Begin XCConfigurationList section */
		EA1A64DD2A21969200D8A42E /* Build configuration list for PBXProject "IconicInferno" */ = {
			isa = XCConfigurationList;
			buildConfigurations = (
				EA1A64EE2A21969A00D8A42E /* Debug */,
				EA1A64EF2A21969A00D8A42E /* Release */,
			);
			defaultConfigurationIsVisible = 0;
			defaultConfigurationName = Release;
		};
		EA1A64F02A21969A00D8A42E /* Build configuration list for PBXNativeTarget "IconicInferno" */ = {
			isa = XCConfigurationList;
			buildConfigurations = (
				EA1A64F12A21969A00D8A42E /* Debug */,
				EA1A64F22A21969A00D8A42E /* Release */,
			);
			defaultConfigurationIsVisible = 0;
			defaultConfigurationName = Release;
		};
/* End XCConfigurationList section */
	};
	rootObject = EA1A64DA2A21969200D8A42E /* Project object */;
}
